{
  "lockfileVersion": 1,
  "workspaces": {
    "": {
      "name": "@tscircuit/dataset-srj29-ddr3-bga-pairs",
      "devDependencies": {
        "@tscircuit/capacity-autorouter": "^0.0.803",
      },
    },
  },
  "packages": {
    "@tscircuit/capacity-autorouter": ["@tscircuit/capacity-autorouter@0.0.803", "", { "dependencies": { "fast-json-stable-stringify": "^2.1.0", "object-hash": "^3.0.0", "stack-svgs": "^0.0.1" } }, "sha512-ydqZiYlXmljFPDNFsnzQgoTzgytyTB6yDKgJSdyuXifHH7YoY4lEoHofW842T49m+8YEBuPxcu+GiEpFKw1g/Q=="],

    "fast-json-stable-stringify": ["fast-json-stable-stringify@2.1.0", "", {}, "sha512-lhd/wF+Lk98HZoTCtlVraHtfh5XYijIjalXck7saUtuanSDyLMxnHhSXEDJqHxD7msR8D0uCmqlkwjCV8xvwHw=="],

    "object-hash": ["object-hash@3.0.0", "", {}, "sha512-RSn9F68PjH9HqtltsSnqYC1XXoWe9Bju5+213R98cNGttag9q9yAOTzdbsqvIa7aNm5WffBZFpWYr2aWrklWAw=="],

    "stack-svgs": ["stack-svgs@0.0.1", "", { "peerDependencies": { "typescript": "^5" } }, "sha512-qcqBlwd5DZdXB+jEc+JUoh3o5zVYfjLrrgtwn7GCvjnoEGaXMPjWQnRotkDNh+uhpXVO7ssNln/JbNnLtIFNQw=="],

    "typescript": ["typescript@5.9.3", "", { "bin": { "tsc": "bin/tsc", "tsserver": "bin/tsserver" } }, "sha512-jl1vZzPDinLr9eUt3J/t7V6FgNEw9QjvBPdysz9KfQDD41fQrC2Y4vKQdiaUpFT4bXlb1RHhLpp8wtm6M5TgSw=="],
  }
}
